Microsoft Visual Studio Solution File, Format Version 12.00
# Visual Studio Version 17
VisualStudioVersion = 17.5.2.0
MinimumVisualStudioVersion = 10.0.40219.1
Project("{FAE04EC0-301F-11D3-BF4B-00C04F79EFBC}") = "CloudNativeApp", "CloudNativeApp\CloudNativeApp.csproj", "{24CD9739-17E6-E868-AD41-7EBA1599DC09}"
EndProject
Global
	GlobalSection(SolutionConfigurationPlatforms) = preSolution
		Debug|Any CPU = Debug|Any CPU
		Release|Any CPU = Release|Any CPU
	EndGlobalSection
	GlobalSection(ProjectConfigurationPlatforms) = postSolution
		{24CD9739-17E6-E868-AD41-7EBA1599DC09}.Debug|Any CPU.ActiveCfg = Debug|Any CPU
		{24CD9739-17E6-E868-AD41-7EBA1599DC09}.Debug|Any CPU.Build.0 = Debug|Any CPU
		{24CD9739-17E6-E868-AD41-7EBA1599DC09}.Release|Any CPU.ActiveCfg = Release|Any CPU
		{24CD9739-17E6-E868-AD41-7EBA1599DC09}.Release|Any CPU.Build.0 = Release|Any CPU
	EndGlobalSection
	GlobalSection(SolutionProperties) = preSolution
		HideSolutionNode = FALSE
	EndGlobalSection
	GlobalSection(ExtensibilityGlobals) = postSolution
		SolutionGuid = {80098E84-FDD2-41DA-8BE7-4EF459FD7F7E}
	EndGlobalSection
EndGlobal
